
Microsoft Visual Studio Solution File, Format Version 12.00
# Visual Studio Version 17
VisualStudioVersion = 17.7.34003.232
MinimumVisualStudioVersion = 10.0.40219.1
Project("{FAE04EC0-301F-11D3-BF4B-00C04F79EFBC}") = "OnlineShopping", "OnlineShopping.csproj", "{09BDCA1B-6670-44B6-9A6E-3C1A0ED59EB4}"
EndProject
Global
	GlobalSection(SolutionConfigurationPlatforms) = preSolution
		Debug|Any CPU = Debug|Any CPU
		Release|Any CPU = Release|Any CPU
	EndGlobalSection
	GlobalSection(ProjectConfigurationPlatforms) = postSolution
		{09BDCA1B-6670-44B6-9A6E-3C1A0ED59EB4}.Debug|Any CPU.ActiveCfg = Debug|Any CPU
		{09BDCA1B-6670-44B6-9A6E-3C1A0ED59EB4}.Debug|Any CPU.Build.0 = Debug|Any CPU
		{09BDCA1B-6670-44B6-9A6E-3C1A0ED59EB4}.Release|Any CPU.ActiveCfg = Release|Any CPU
		{09BDCA1B-6670-44B6-9A6E-3C1A0ED59EB4}.Release|Any CPU.Build.0 = Release|Any CPU
	EndGlobalSection
	GlobalSection(SolutionProperties) = preSolution
		HideSolutionNode = FALSE
	EndGlobalSection
	GlobalSection(ExtensibilityGlobals) = postSolution
		SolutionGuid = {426675CF-531E-4B26-8A52-9DC13AE29EF6}
	EndGlobalSection
EndGlobal
